
Microsoft Visual Studio Solution File, Format Version 12.00
# Visual Studio 15
VisualStudioVersion = 15.0.26124.0
MinimumVisualStudioVersion = 15.0.26124.0
Project("{FAE04EC0-301F-11D3-BF4B-00C04F79EFBC}") = "http", "http\http.csproj", "{F96DF659-4857-41E3-9D71-E46F85ADFED7}"
EndProject
Project("{FAE04EC0-301F-11D3-BF4B-00C04F79EFBC}") = "makeMeets", "makeMeets\makeMeets.csproj", "{78A4BF97-815B-47D6-8425-EDDEDE1D89D9}"
EndProject
Project("{FAE04EC0-301F-11D3-BF4B-00C04F79EFBC}") = "scheduling", "scheduling\scheduling.csproj", "{351A5768-E605-4807-BE3C-52F1E10755D3}"
EndProject
Project("{FAE04EC0-301F-11D3-BF4B-00C04F79EFBC}") = "postgres", "postgres\postgres.csproj", "{021D86FA-812C-4453-B819-285F58AB620A}"
EndProject
Project("{FAE04EC0-301F-11D3-BF4B-00C04F79EFBC}") = "cli", "cli\cli.csproj", "{D77CD17F-A602-4BEE-B529-2692EE1C3E3E}"
EndProject
Project("{FAE04EC0-301F-11D3-BF4B-00C04F79EFBC}") = "unittests", "unittests\unittests.csproj", "{D5D6C2BC-C6A9-4014-9D54-A15F874FC834}"
EndProject
Global
	GlobalSection(SolutionConfigurationPlatforms) = preSolution
		Debug|Any CPU = Debug|Any CPU
		Debug|x64 = Debug|x64
		Debug|x86 = Debug|x86
		Release|Any CPU = Release|Any CPU
		Release|x64 = Release|x64
		Release|x86 = Release|x86
	EndGlobalSection
	GlobalSection(SolutionProperties) = preSolution
		HideSolutionNode = FALSE
	EndGlobalSection
	GlobalSection(ProjectConfigurationPlatforms) = postSolution
		{F96DF659-4857-41E3-9D71-E46F85ADFED7}.Debug|Any CPU.ActiveCfg = Debug|Any CPU
		{F96DF659-4857-41E3-9D71-E46F85ADFED7}.Debug|Any CPU.Build.0 = Debug|Any CPU
		{F96DF659-4857-41E3-9D71-E46F85ADFED7}.Debug|x64.ActiveCfg = Debug|Any CPU
		{F96DF659-4857-41E3-9D71-E46F85ADFED7}.Debug|x64.Build.0 = Debug|Any CPU
		{F96DF659-4857-41E3-9D71-E46F85ADFED7}.Debug|x86.ActiveCfg = Debug|Any CPU
		{F96DF659-4857-41E3-9D71-E46F85ADFED7}.Debug|x86.Build.0 = Debug|Any CPU
		{F96DF659-4857-41E3-9D71-E46F85ADFED7}.Release|Any CPU.ActiveCfg = Release|Any CPU
		{F96DF659-4857-41E3-9D71-E46F85ADFED7}.Release|Any CPU.Build.0 = Release|Any CPU
		{F96DF659-4857-41E3-9D71-E46F85ADFED7}.Release|x64.ActiveCfg = Release|Any CPU
		{F96DF659-4857-41E3-9D71-E46F85ADFED7}.Release|x64.Build.0 = Release|Any CPU
		{F96DF659-4857-41E3-9D71-E46F85ADFED7}.Release|x86.ActiveCfg = Release|Any CPU
		{F96DF659-4857-41E3-9D71-E46F85ADFED7}.Release|x86.Build.0 = Release|Any CPU
		{78A4BF97-815B-47D6-8425-EDDEDE1D89D9}.Debug|Any CPU.ActiveCfg = Debug|Any CPU
		{78A4BF97-815B-47D6-8425-EDDEDE1D89D9}.Debug|Any CPU.Build.0 = Debug|Any CPU
		{78A4BF97-815B-47D6-8425-EDDEDE1D89D9}.Debug|x64.ActiveCfg = Debug|Any CPU
		{78A4BF97-815B-47D6-8425-EDDEDE1D89D9}.Debug|x64.Build.0 = Debug|Any CPU
		{78A4BF97-815B-47D6-8425-EDDEDE1D89D9}.Debug|x86.ActiveCfg = Debug|Any CPU
		{78A4BF97-815B-47D6-8425-EDDEDE1D89D9}.Debug|x86.Build.0 = Debug|Any CPU
		{78A4BF97-815B-47D6-8425-EDDEDE1D89D9}.Release|Any CPU.ActiveCfg = Release|Any CPU
		{78A4BF97-815B-47D6-8425-EDDEDE1D89D9}.Release|Any CPU.Build.0 = Release|Any CPU
		{78A4BF97-815B-47D6-8425-EDDEDE1D89D9}.Release|x64.ActiveCfg = Release|Any CPU
		{78A4BF97-815B-47D6-8425-EDDEDE1D89D9}.Release|x64.Build.0 = Release|Any CPU
		{78A4BF97-815B-47D6-8425-EDDEDE1D89D9}.Release|x86.ActiveCfg = Release|Any CPU
		{78A4BF97-815B-47D6-8425-EDDEDE1D89D9}.Release|x86.Build.0 = Release|Any CPU
		{351A5768-E605-4807-BE3C-52F1E10755D3}.Debug|Any CPU.ActiveCfg = Debug|Any CPU
		{351A5768-E605-4807-BE3C-52F1E10755D3}.Debug|Any CPU.Build.0 = Debug|Any CPU
		{351A5768-E605-4807-BE3C-52F1E10755D3}.Debug|x64.ActiveCfg = Debug|Any CPU
		{351A5768-E605-4807-BE3C-52F1E10755D3}.Debug|x64.Build.0 = Debug|Any CPU
		{351A5768-E605-4807-BE3C-52F1E10755D3}.Debug|x86.ActiveCfg = Debug|Any CPU
		{351A5768-E605-4807-BE3C-52F1E10755D3}.Debug|x86.Build.0 = Debug|Any CPU
		{351A5768-E605-4807-BE3C-52F1E10755D3}.Release|Any CPU.ActiveCfg = Release|Any CPU
		{351A5768-E605-4807-BE3C-52F1E10755D3}.Release|Any CPU.Build.0 = Release|Any CPU
		{351A5768-E605-4807-BE3C-52F1E10755D3}.Release|x64.ActiveCfg = Release|Any CPU
		{351A5768-E605-4807-BE3C-52F1E10755D3}.Release|x64.Build.0 = Release|Any CPU
		{351A5768-E605-4807-BE3C-52F1E10755D3}.Release|x86.ActiveCfg = Release|Any CPU
		{351A5768-E605-4807-BE3C-52F1E10755D3}.Release|x86.Build.0 = Release|Any CPU
		{021D86FA-812C-4453-B819-285F58AB620A}.Debug|Any CPU.ActiveCfg = Debug|Any CPU
		{021D86FA-812C-4453-B819-285F58AB620A}.Debug|Any CPU.Build.0 = Debug|Any CPU
		{021D86FA-812C-4453-B819-285F58AB620A}.Debug|x64.ActiveCfg = Debug|Any CPU
		{021D86FA-812C-4453-B819-285F58AB620A}.Debug|x64.Build.0 = Debug|Any CPU
		{021D86FA-812C-4453-B819-285F58AB620A}.Debug|x86.ActiveCfg = Debug|Any CPU
		{021D86FA-812C-4453-B819-285F58AB620A}.Debug|x86.Build.0 = Debug|Any CPU
		{021D86FA-812C-4453-B819-285F58AB620A}.Release|Any CPU.ActiveCfg = Release|Any CPU
		{021D86FA-812C-4453-B819-285F58AB620A}.Release|Any CPU.Build.0 = Release|Any CPU
		{021D86FA-812C-4453-B819-285F58AB620A}.Release|x64.ActiveCfg = Release|Any CPU
		{021D86FA-812C-4453-B819-285F58AB620A}.Release|x64.Build.0 = Release|Any CPU
		{021D86FA-812C-4453-B819-285F58AB620A}.Release|x86.ActiveCfg = Release|Any CPU
		{021D86FA-812C-4453-B819-285F58AB620A}.Release|x86.Build.0 = Release|Any CPU
		{D77CD17F-A602-4BEE-B529-2692EE1C3E3E}.Debug|Any CPU.ActiveCfg = Debug|Any CPU
		{D77CD17F-A602-4BEE-B529-2692EE1C3E3E}.Debug|Any CPU.Build.0 = Debug|Any CPU
		{D77CD17F-A602-4BEE-B529-2692EE1C3E3E}.Debug|x64.ActiveCfg = Debug|Any CPU
		{D77CD17F-A602-4BEE-B529-2692EE1C3E3E}.Debug|x64.Build.0 = Debug|Any CPU
		{D77CD17F-A602-4BEE-B529-2692EE1C3E3E}.Debug|x86.ActiveCfg = Debug|Any CPU
		{D77CD17F-A602-4BEE-B529-2692EE1C3E3E}.Debug|x86.Build.0 = Debug|Any CPU
		{D77CD17F-A602-4BEE-B529-2692EE1C3E3E}.Release|Any CPU.ActiveCfg = Release|Any CPU
		{D77CD17F-A602-4BEE-B529-2692EE1C3E3E}.Release|Any CPU.Build.0 = Release|Any CPU
		{D77CD17F-A602-4BEE-B529-2692EE1C3E3E}.Release|x64.ActiveCfg = Release|Any CPU
		{D77CD17F-A602-4BEE-B529-2692EE1C3E3E}.Release|x64.Build.0 = Release|Any CPU
		{D77CD17F-A602-4BEE-B529-2692EE1C3E3E}.Release|x86.ActiveCfg = Release|Any CPU
		{D77CD17F-A602-4BEE-B529-2692EE1C3E3E}.Release|x86.Build.0 = Release|Any CPU
		{D5D6C2BC-C6A9-4014-9D54-A15F874FC834}.Debug|Any CPU.ActiveCfg = Debug|Any CPU
		{D5D6C2BC-C6A9-4014-9D54-A15F874FC834}.Debug|Any CPU.Build.0 = Debug|Any CPU
		{D5D6C2BC-C6A9-4014-9D54-A15F874FC834}.Debug|x64.ActiveCfg = Debug|Any CPU
		{D5D6C2BC-C6A9-4014-9D54-A15F874FC834}.Debug|x64.Build.0 = Debug|Any CPU
		{D5D6C2BC-C6A9-4014-9D54-A15F874FC834}.Debug|x86.ActiveCfg = Debug|Any CPU
		{D5D6C2BC-C6A9-4014-9D54-A15F874FC834}.Debug|x86.Build.0 = Debug|Any CPU
		{D5D6C2BC-C6A9-4014-9D54-A15F874FC834}.Release|Any CPU.ActiveCfg = Release|Any CPU
		{D5D6C2BC-C6A9-4014-9D54-A15F874FC834}.Release|Any CPU.Build.0 = Release|Any CPU
		{D5D6C2BC-C6A9-4014-9D54-A15F874FC834}.Release|x64.ActiveCfg = Release|Any CPU
		{D5D6C2BC-C6A9-4014-9D54-A15F874FC834}.Release|x64.Build.0 = Release|Any CPU
		{D5D6C2BC-C6A9-4014-9D54-A15F874FC834}.Release|x86.ActiveCfg = Release|Any CPU
		{D5D6C2BC-C6A9-4014-9D54-A15F874FC834}.Release|x86.Build.0 = Release|Any CPU
	EndGlobalSection
EndGlobal
